
Microsoft Visual Studio Solution File, Format Version 12.00
# Visual Studio Version 16
VisualStudioVersion = 16.0.29806.167
MinimumVisualStudioVersion = 10.0.40219.1
Project("{2150E333-8FDC-42A3-9474-1A3956D46DE8}") = "Application", "Application", "{44C14A38-FAC5-4A25-8BB1-81D0169DF37E}"
EndProject
Project("{9A19103F-16F7-4668-BE54-9A1E7A4F7556}") = "Plugin.Api", "Plugin.Api\Plugin.Api.csproj", "{65D79E72-09C8-4EB3-9082-AD1C69310F9E}"
EndProject
Project("{9A19103F-16F7-4668-BE54-9A1E7A4F7556}") = "Plugin.Application", "Plugin.Application\Plugin.Application.csproj", "{8931549C-01DC-4F70-BB5E-BE0202CBD976}"
EndProject
Project("{9A19103F-16F7-4668-BE54-9A1E7A4F7556}") = "Plugin.Application.Contracts", "Plugin.Application.Contracts\Plugin.Application.Contracts.csproj", "{B07FC92B-B979-4F24-89F3-BE1FE991AE7C}"
EndProject
Project("{9A19103F-16F7-4668-BE54-9A1E7A4F7556}") = "Plugin.Composition", "Plugin.Composition\Plugin.Composition.csproj", "{B9EEF9D0-1296-40FC-BD4B-C375CC142D3B}"
EndProject
Project("{9A19103F-16F7-4668-BE54-9A1E7A4F7556}") = "Plugin.Repositories.EFCore", "Plugin.Repositories.EFCore\Plugin.Repositories.EFCore.csproj", "{58EB0D66-907D-411A-8F8A-EADA3983F2E3}"
EndProject
Project("{9A19103F-16F7-4668-BE54-9A1E7A4F7556}") = "Plugin.Application.Acls", "Plugin.Application.Acls\Plugin.Application.Acls.csproj", "{E57983B2-CA9C-4702-B358-9FE8402746DF}"
EndProject
Project("{9A19103F-16F7-4668-BE54-9A1E7A4F7556}") = "Plugin.Integration.Tests", "Plugin.IntegrationTests\Plugin.Integration.Tests.csproj", "{9FA61A1F-8A52-42CC-ABED-D78263350EEF}"
EndProject
Project("{9A19103F-16F7-4668-BE54-9A1E7A4F7556}") = "Plugin.Unit.Tests", "Plugin.Unit.Tests\Plugin.Unit.Tests.csproj", "{267B8389-C7CC-4695-98D8-FDD5E34B5161}"
EndProject
Project("{9A19103F-16F7-4668-BE54-9A1E7A4F7556}") = "Plugin.Application.EventHandlers", "Plugin.Application.EventHandlers\Plugin.Application.EventHandlers.csproj", "{9C6B31AA-1E21-4E49-B039-C6E67916A4CC}"
EndProject
Project("{2150E333-8FDC-42A3-9474-1A3956D46DE8}") = "Test", "Test", "{BF5307B8-3D82-450E-AD0A-4443285DF372}"
EndProject
Project("{2150E333-8FDC-42A3-9474-1A3956D46DE8}") = "Composition", "Composition", "{1372C277-8354-4C1D-9308-DC43C0D1138D}"
EndProject
Project("{2150E333-8FDC-42A3-9474-1A3956D46DE8}") = "Infrastructure", "Infrastructure", "{E4DF8D3F-4609-4DC2-92A0-84C13CEAB651}"
EndProject
Project("{2150E333-8FDC-42A3-9474-1A3956D46DE8}") = "Api", "Api", "{BD0FFE24-D532-4F18-A6F1-61940DB7EA8A}"
EndProject
Project("{9A19103F-16F7-4668-BE54-9A1E7A4F7556}") = "Just_For_EFCore", "Just_For_EFCore\Just_For_EFCore.csproj", "{2F1C5A3C-1740-440B-9449-2996A2E5D93A}"
EndProject
Project("{9A19103F-16F7-4668-BE54-9A1E7A4F7556}") = "Plugin.Api.OData", "Plugin.Api.OData\Plugin.Api.OData.csproj", "{708FEC46-541A-4467-8C88-93A0FCE00EF0}"
EndProject
Project("{9A19103F-16F7-4668-BE54-9A1E7A4F7556}") = "Plugin.Application.Contracts.OData", "Plugin.Application.Contracts.OData\Plugin.Application.Contracts.OData.csproj", "{F86149CA-D7FE-45CE-9269-2D6892364F9A}"
EndProject
Project("{9A19103F-16F7-4668-BE54-9A1E7A4F7556}") = "Plugin.Composition.Development", "Plugin.Composition.Development\Plugin.Composition.Development.csproj", "{5227C45D-BD8B-4840-B6D3-B5C2163B1DF4}"
EndProject
Project("{FAE04EC0-301F-11D3-BF4B-00C04F79EFBC}") = "Plugin.Api.Publisher", "Plugin.Api.Publisher\Plugin.Api.Publisher.csproj", "{D9E377B6-C46A-49AA-A5AF-78205102F591}"
EndProject
Global
	GlobalSection(SolutionConfigurationPlatforms) = preSolution
		Debug|Any CPU = Debug|Any CPU
		Release|Any CPU = Release|Any CPU
	EndGlobalSection
	GlobalSection(ProjectConfigurationPlatforms) = postSolution
		{65D79E72-09C8-4EB3-9082-AD1C69310F9E}.Debug|Any CPU.ActiveCfg = Debug|Any CPU
		{65D79E72-09C8-4EB3-9082-AD1C69310F9E}.Debug|Any CPU.Build.0 = Debug|Any CPU
		{65D79E72-09C8-4EB3-9082-AD1C69310F9E}.Release|Any CPU.ActiveCfg = Release|Any CPU
		{65D79E72-09C8-4EB3-9082-AD1C69310F9E}.Release|Any CPU.Build.0 = Release|Any CPU
		{8931549C-01DC-4F70-BB5E-BE0202CBD976}.Debug|Any CPU.ActiveCfg = Debug|Any CPU
		{8931549C-01DC-4F70-BB5E-BE0202CBD976}.Debug|Any CPU.Build.0 = Debug|Any CPU
		{8931549C-01DC-4F70-BB5E-BE0202CBD976}.Release|Any CPU.ActiveCfg = Release|Any CPU
		{8931549C-01DC-4F70-BB5E-BE0202CBD976}.Release|Any CPU.Build.0 = Release|Any CPU
		{B07FC92B-B979-4F24-89F3-BE1FE991AE7C}.Debug|Any CPU.ActiveCfg = Debug|Any CPU
		{B07FC92B-B979-4F24-89F3-BE1FE991AE7C}.Debug|Any CPU.Build.0 = Debug|Any CPU
		{B07FC92B-B979-4F24-89F3-BE1FE991AE7C}.Release|Any CPU.ActiveCfg = Release|Any CPU
		{B07FC92B-B979-4F24-89F3-BE1FE991AE7C}.Release|Any CPU.Build.0 = Release|Any CPU
		{B9EEF9D0-1296-40FC-BD4B-C375CC142D3B}.Debug|Any CPU.ActiveCfg = Debug|Any CPU
		{B9EEF9D0-1296-40FC-BD4B-C375CC142D3B}.Debug|Any CPU.Build.0 = Debug|Any CPU
		{B9EEF9D0-1296-40FC-BD4B-C375CC142D3B}.Release|Any CPU.ActiveCfg = Release|Any CPU
		{B9EEF9D0-1296-40FC-BD4B-C375CC142D3B}.Release|Any CPU.Build.0 = Release|Any CPU
		{58EB0D66-907D-411A-8F8A-EADA3983F2E3}.Debug|Any CPU.ActiveCfg = Debug|Any CPU
		{58EB0D66-907D-411A-8F8A-EADA3983F2E3}.Debug|Any CPU.Build.0 = Debug|Any CPU
		{58EB0D66-907D-411A-8F8A-EADA3983F2E3}.Release|Any CPU.ActiveCfg = Release|Any CPU
		{58EB0D66-907D-411A-8F8A-EADA3983F2E3}.Release|Any CPU.Build.0 = Release|Any CPU
		{E57983B2-CA9C-4702-B358-9FE8402746DF}.Debug|Any CPU.ActiveCfg = Debug|Any CPU
		{E57983B2-CA9C-4702-B358-9FE8402746DF}.Debug|Any CPU.Build.0 = Debug|Any CPU
		{E57983B2-CA9C-4702-B358-9FE8402746DF}.Release|Any CPU.ActiveCfg = Release|Any CPU
		{E57983B2-CA9C-4702-B358-9FE8402746DF}.Release|Any CPU.Build.0 = Release|Any CPU
		{9FA61A1F-8A52-42CC-ABED-D78263350EEF}.Debug|Any CPU.ActiveCfg = Debug|Any CPU
		{9FA61A1F-8A52-42CC-ABED-D78263350EEF}.Debug|Any CPU.Build.0 = Debug|Any CPU
		{9FA61A1F-8A52-42CC-ABED-D78263350EEF}.Release|Any CPU.ActiveCfg = Release|Any CPU
		{9FA61A1F-8A52-42CC-ABED-D78263350EEF}.Release|Any CPU.Build.0 = Release|Any CPU
		{267B8389-C7CC-4695-98D8-FDD5E34B5161}.Debug|Any CPU.ActiveCfg = Debug|Any CPU
		{267B8389-C7CC-4695-98D8-FDD5E34B5161}.Debug|Any CPU.Build.0 = Debug|Any CPU
		{267B8389-C7CC-4695-98D8-FDD5E34B5161}.Release|Any CPU.ActiveCfg = Release|Any CPU
		{267B8389-C7CC-4695-98D8-FDD5E34B5161}.Release|Any CPU.Build.0 = Release|Any CPU
		{9C6B31AA-1E21-4E49-B039-C6E67916A4CC}.Debug|Any CPU.ActiveCfg = Debug|Any CPU
		{9C6B31AA-1E21-4E49-B039-C6E67916A4CC}.Debug|Any CPU.Build.0 = Debug|Any CPU
		{9C6B31AA-1E21-4E49-B039-C6E67916A4CC}.Release|Any CPU.ActiveCfg = Release|Any CPU
		{9C6B31AA-1E21-4E49-B039-C6E67916A4CC}.Release|Any CPU.Build.0 = Release|Any CPU
		{2F1C5A3C-1740-440B-9449-2996A2E5D93A}.Debug|Any CPU.ActiveCfg = Debug|Any CPU
		{2F1C5A3C-1740-440B-9449-2996A2E5D93A}.Debug|Any CPU.Build.0 = Debug|Any CPU
		{2F1C5A3C-1740-440B-9449-2996A2E5D93A}.Release|Any CPU.ActiveCfg = Release|Any CPU
		{2F1C5A3C-1740-440B-9449-2996A2E5D93A}.Release|Any CPU.Build.0 = Release|Any CPU
		{708FEC46-541A-4467-8C88-93A0FCE00EF0}.Debug|Any CPU.ActiveCfg = Debug|Any CPU
		{708FEC46-541A-4467-8C88-93A0FCE00EF0}.Debug|Any CPU.Build.0 = Debug|Any CPU
		{708FEC46-541A-4467-8C88-93A0FCE00EF0}.Release|Any CPU.ActiveCfg = Release|Any CPU
		{708FEC46-541A-4467-8C88-93A0FCE00EF0}.Release|Any CPU.Build.0 = Release|Any CPU
		{F86149CA-D7FE-45CE-9269-2D6892364F9A}.Debug|Any CPU.ActiveCfg = Debug|Any CPU
		{F86149CA-D7FE-45CE-9269-2D6892364F9A}.Debug|Any CPU.Build.0 = Debug|Any CPU
		{F86149CA-D7FE-45CE-9269-2D6892364F9A}.Release|Any CPU.ActiveCfg = Release|Any CPU
		{F86149CA-D7FE-45CE-9269-2D6892364F9A}.Release|Any CPU.Build.0 = Release|Any CPU
		{5227C45D-BD8B-4840-B6D3-B5C2163B1DF4}.Debug|Any CPU.ActiveCfg = Debug|Any CPU
		{5227C45D-BD8B-4840-B6D3-B5C2163B1DF4}.Debug|Any CPU.Build.0 = Debug|Any CPU
		{5227C45D-BD8B-4840-B6D3-B5C2163B1DF4}.Release|Any CPU.ActiveCfg = Release|Any CPU
		{5227C45D-BD8B-4840-B6D3-B5C2163B1DF4}.Release|Any CPU.Build.0 = Release|Any CPU
		{D9E377B6-C46A-49AA-A5AF-78205102F591}.Debug|Any CPU.ActiveCfg = Debug|Any CPU
		{D9E377B6-C46A-49AA-A5AF-78205102F591}.Debug|Any CPU.Build.0 = Debug|Any CPU
		{D9E377B6-C46A-49AA-A5AF-78205102F591}.Release|Any CPU.ActiveCfg = Release|Any CPU
		{D9E377B6-C46A-49AA-A5AF-78205102F591}.Release|Any CPU.Build.0 = Release|Any CPU
	EndGlobalSection
	GlobalSection(SolutionProperties) = preSolution
		HideSolutionNode = FALSE
	EndGlobalSection
	GlobalSection(NestedProjects) = preSolution
		{65D79E72-09C8-4EB3-9082-AD1C69310F9E} = {BD0FFE24-D532-4F18-A6F1-61940DB7EA8A}
		{8931549C-01DC-4F70-BB5E-BE0202CBD976} = {44C14A38-FAC5-4A25-8BB1-81D0169DF37E}
		{B07FC92B-B979-4F24-89F3-BE1FE991AE7C} = {44C14A38-FAC5-4A25-8BB1-81D0169DF37E}
		{B9EEF9D0-1296-40FC-BD4B-C375CC142D3B} = {1372C277-8354-4C1D-9308-DC43C0D1138D}
		{58EB0D66-907D-411A-8F8A-EADA3983F2E3} = {E4DF8D3F-4609-4DC2-92A0-84C13CEAB651}
		{E57983B2-CA9C-4702-B358-9FE8402746DF} = {E4DF8D3F-4609-4DC2-92A0-84C13CEAB651}
		{9FA61A1F-8A52-42CC-ABED-D78263350EEF} = {BF5307B8-3D82-450E-AD0A-4443285DF372}
		{267B8389-C7CC-4695-98D8-FDD5E34B5161} = {BF5307B8-3D82-450E-AD0A-4443285DF372}
		{9C6B31AA-1E21-4E49-B039-C6E67916A4CC} = {44C14A38-FAC5-4A25-8BB1-81D0169DF37E}
		{708FEC46-541A-4467-8C88-93A0FCE00EF0} = {BD0FFE24-D532-4F18-A6F1-61940DB7EA8A}
		{F86149CA-D7FE-45CE-9269-2D6892364F9A} = {44C14A38-FAC5-4A25-8BB1-81D0169DF37E}
		{5227C45D-BD8B-4840-B6D3-B5C2163B1DF4} = {1372C277-8354-4C1D-9308-DC43C0D1138D}
		{D9E377B6-C46A-49AA-A5AF-78205102F591} = {BD0FFE24-D532-4F18-A6F1-61940DB7EA8A}
	EndGlobalSection
	GlobalSection(ExtensibilityGlobals) = postSolution
		SolutionGuid = {7ED826C1-7619-4204-BDB7-8A352FE80068}
	EndGlobalSection
EndGlobal
